// !$*UTF8*$!
{
	archiveVersion = 1;
	classes = {
	};
	objectVersion = 50;
	objects = {

/* Begin PBXBuildFile section */
		55693BC9219A812E005C6981 /* AppDelegate.swift in Sources */ = {isa = PBXBuildFile; fileRef = 55693BC8219A812E005C6981 /* AppDelegate.swift */; };
		55693BCB219A812E005C6981 /* ViewController.swift in Sources */ = {isa = PBXBuildFile; fileRef = 55693BCA219A812E005C6981 /* ViewController.swift */; };
		55693BCE219A812E005C6981 /* Main.storyboard in Resources */ = {isa = PBXBuildFile; fileRef = 55693BCC219A812E005C6981 /* Main.storyboard */; };
		55693BD0219A8130005C6981 /* Assets.xcassets in Resources */ = {isa = PBXBuildFile; fileRef = 55693BCF219A8130005C6981 /* Assets.xcassets */; };
		55693BD3219A8130005C6981 /* LaunchScreen.storyboard in Resources */ = {isa = PBXBuildFile; fileRef = 55693BD1219A8130005C6981 /* LaunchScreen.storyboard */; };
		55693BDE219A8130005C6981 /* You_Are_AwesomeTests.swift in Sources */ = {isa = PBXBuildFile; fileRef = 55693BDD219A8130005C6981 /* You_Are_AwesomeTests.swift */; };
		55693BE9219A8130005C6981 /* You_Are_AwesomeUITests.swift in Sources */ = {isa = PBXBuildFile; fileRef = 55693BE8219A8130005C6981 /* You_Are_AwesomeUITests.swift */; };
/* End PBXBuildFile section */

/* Begin PBXContainerItemProxy section */
		55693BDA219A8130005C6981 /* PBXContainerItemProxy */ = {
			isa = PBXContainerItemProxy;
			containerPortal = 55693BBD219A812E005C6981 /* Project object */;
			proxyType = 1;
			remoteGlobalIDString = 55693BC4219A812E005C6981;
			remoteInfo = "You Are Awesome";
		};
		55693BE5219A8130005C6981 /* PBXContainerItemProxy */ = {
			isa = PBXContainerItemProxy;
			containerPortal = 55693BBD219A812E005C6981 /* Project object */;
			proxyType = 1;
			remoteGlobalIDString = 55693BC4219A812E005C6981;
			remoteInfo = "You Are Awesome";
		};
/* End PBXContainerItemProxy section */

/* Begin PBXFileReference section */
		55693BC5219A812E005C6981 /* You Are Awesome.app */ = {isa = PBXFileReference; explicitFileType = wrapper.application; includeInIndex = 0; path = "You Are Awesome.app"; sourceTree = BUILT_PRODUCTS_DIR; };
		55693BC8219A812E005C6981 /* AppDelegate.swift */ = {isa = PBXFileReference; lastKnownFileType = sourcecode.swift; path = AppDelegate.swift; sourceTree = "<group>"; };
		55693BCA219A812E005C6981 /* ViewController.swift */ = {isa = PBXFileReference; lastKnownFileType = sourcecode.swift; path = ViewController.swift; sourceTree = "<group>"; };
		55693BCD219A812E005C6981 /* Base */ = {isa = PBXFileReference; lastKnownFileType = file.storyboard; name = Base; path = Base.lproj/Main.storyboard; sourceTree = "<group>"; };
		55693BCF219A8130005C6981 /* Assets.xcassets */ = {isa = PBXFileReference; lastKnownFileType = folder.assetcatalog; path = Assets.xcassets; sourceTree = "<group>"; };
		55693BD2219A8130005C6981 /* Base */ = {isa = PBXFileReference; lastKnownFileType = file.storyboard; name = Base; path = Base.lproj/LaunchScreen.storyboard; sourceTree = "<group>"; };
		55693BD4219A8130005C6981 /* Info.plist */ = {isa = PBXFileReference; lastKnownFileType = text.plist.xml; path = Info.plist; sourceTree = "<group>"; };
		55693BD9219A8130005C6981 /* You Are AwesomeTests.xctest */ = {isa = PBXFileReference; explicitFileType = wrapper.cfbundle; includeInIndex = 0; path = "You Are AwesomeTests.xctest"; sourceTree = BUILT_PRODUCTS_DIR; };
		55693BDD219A8130005C6981 /* You_Are_AwesomeTests.swift */ = {isa = PBXFileReference; lastKnownFileType = sourcecode.swift; path = You_Are_AwesomeTests.swift; sourceTree = "<group>"; };
		55693BDF219A8130005C6981 /* Info.plist */ = {isa = PBXFileReference; lastKnownFileType = text.plist.xml; path = Info.plist; sourceTree = "<group>"; };
		55693BE4219A8130005C6981 /* You Are AwesomeUITests.xctest */ = {isa = PBXFileReference; explicitFileType = wrapper.cfbundle; includeInIndex = 0; path = "You Are AwesomeUITests.xctest"; sourceTree = BUILT_PRODUCTS_DIR; };
		55693BE8219A8130005C6981 /* You_Are_AwesomeUITests.swift */ = {isa = PBXFileReference; lastKnownFileType = sourcecode.swift; path = You_Are_AwesomeUITests.swift; sourceTree = "<group>"; };
		55693BEA219A8130005C6981 /* Info.plist */ = {isa = PBXFileReference; lastKnownFileType = text.plist.xml; path = Info.plist; sourceTree = "<group>"; };
/* End PBXFileReference section */

/* Begin PBXFrameworksBuildPhase section */
		55693BC2219A812E005C6981 /* Frameworks */ = {
			isa = PBXFrameworksBuildPhase;
			buildActionMask = 2147483647;
			files = (
			);
			runOnlyForDeploymentPostprocessing = 0;
		};
		55693BD6219A8130005C6981 /* Frameworks */ = {
			isa = PBXFrameworksBuildPhase;
			buildActionMask = 2147483647;
			files = (
			);
			runOnlyForDeploymentPostprocessing = 0;
		};
		55693BE1219A8130005C6981 /* Frameworks */ = {
			isa = PBXFrameworksBuildPhase;
			buildActionMask = 2147483647;
			files = (
			);
			runOnlyForDeploymentPostprocessing = 0;
		};
/* End PBXFrameworksBuildPhase section */

/* Begin PBXGroup section */
		55693BBC219A812E005C6981 = {
			isa = PBXGroup;
			children = (
				55693BC7219A812E005C6981 /* You Are Awesome */,
				55693BDC219A8130005C6981 /* You Are AwesomeTests */,
				55693BE7219A8130005C6981 /* You Are AwesomeUITests */,
				55693BC6219A812E005C6981 /* Products */,
			);
			sourceTree = "<group>";
		};
		55693BC6219A812E005C6981 /* Products */ = {
			isa = PBXGroup;
			children = (
				55693BC5219A812E005C6981 /* You Are Awesome.app */,
				55693BD9219A8130005C6981 /* You Are AwesomeTests.xctest */,
				55693BE4219A8130005C6981 /* You Are AwesomeUITests.xctest */,
			);
			name = Products;
			sourceTree = "<group>";
		};
		55693BC7219A812E005C6981 /* You Are Awesome */ = {
			isa = PBXGroup;
			children = (
				55693BC8219A812E005C6981 /* AppDelegate.swift */,
				55693BCA219A812E005C6981 /* ViewController.swift */,
				55693BCC219A812E005C6981 /* Main.storyboard */,
				55693BCF219A8130005C6981 /* Assets.xcassets */,
				55693BD1219A8130005C6981 /* LaunchScreen.storyboard */,
				55693BD4219A8130005C6981 /* Info.plist */,
			);
			path = "You Are Awesome";
			sourceTree = "<group>";
		};
		55693BDC219A8130005C6981 /* You Are AwesomeTests */ = {
			isa = PBXGroup;
			children = (
				55693BDD219A8130005C6981 /* You_Are_AwesomeTests.swift */,
				55693BDF219A8130005C6981 /* Info.plist */,
			);
			path = "You Are AwesomeTests";
			sourceTree = "<group>";
		};
		55693BE7219A8130005C6981 /* You Are AwesomeUITests */ = {
			isa = PBXGroup;
			children = (
				55693BE8219A8130005C6981 /* You_Are_AwesomeUITests.swift */,
				55693BEA219A8130005C6981 /* Info.plist */,
			);
			path = "You Are AwesomeUITests";
			sourceTree = "<group>";
		};
/* End PBXGroup section */

/* Begin PBXNativeTarget section */
		55693BC4219A812E005C6981 /* You Are Awesome */ = {
			isa = PBXNativeTarget;
			buildConfigurationList = 55693BED219A8130005C6981 /* Build configuration list for PBXNativeTarget "You Are Awesome" */;
			buildPhases = (
				55693BC1219A812E005C6981 /* Sources */,
				55693BC2219A812E005C6981 /* Frameworks */,
				55693BC3219A812E005C6981 /* Resources */,
			);
			buildRules = (
			);
			dependencies = (
			);
			name = "You Are Awesome";
			productName = "You Are Awesome";
			productReference = 55693BC5219A812E005C6981 /* You Are Awesome.app */;
			productType = "com.apple.product-type.application";
		};
		55693BD8219A8130005C6981 /* You Are AwesomeTests */ = {
			isa = PBXNativeTarget;
			buildConfigurationList = 55693BF0219A8130005C6981 /* Build configuration list for PBXNativeTarget "You Are AwesomeTests" */;
			buildPhases = (
				55693BD5219A8130005C6981 /* Sources */,
				55693BD6219A8130005C6981 /* Frameworks */,
				55693BD7219A8130005C6981 /* Resources */,
			);
			buildRules = (
			);
			dependencies = (
				55693BDB219A8130005C6981 /* PBXTargetDependency */,
			);
			name = "You Are AwesomeTests";
			productName = "You Are AwesomeTests";
			productReference = 55693BD9219A8130005C6981 /* You Are AwesomeTests.xctest */;
			productType = "com.apple.product-type.bundle.unit-test";
		};
		55693BE3219A8130005C6981 /* You Are AwesomeUITests */ = {
			isa = PBXNativeTarget;
			buildConfigurationList = 55693BF3219A8130005C6981 /* Build configuration list for PBXNativeTarget "You Are AwesomeUITests" */;
			buildPhases = (
				55693BE0219A8130005C6981 /* Sources */,
				55693BE1219A8130005C6981 /* Frameworks */,
				55693BE2219A8130005C6981 /* Resources */,
			);
			buildRules = (
			);
			dependencies = (
				55693BE6219A8130005C6981 /* PBXTargetDependency */,
			);
			name = "You Are AwesomeUITests";
			productName = "You Are AwesomeUITests";
			productReference = 55693BE4219A8130005C6981 /* You Are AwesomeUITests.xctest */;
			productType = "com.apple.product-type.bundle.ui-testing";
		};
/* End PBXNativeTarget section */

/* Begin PBXProject section */
		55693BBD219A812E005C6981 /* Project object */ = {
			isa = PBXProject;
			attributes = {
				LastSwiftUpdateCheck = 1010;
				LastUpgradeCheck = 1010;
				ORGANIZATIONNAME = user144301;
				TargetAttributes = {
					55693BC4219A812E005C6981 = {
						CreatedOnToolsVersion = 10.1;
					};
					55693BD8219A8130005C6981 = {
						CreatedOnToolsVersion = 10.1;
						TestTargetID = 55693BC4219A812E005C6981;
					};
					55693BE3219A8130005C6981 = {
						CreatedOnToolsVersion = 10.1;
						TestTargetID = 55693BC4219A812E005C6981;
					};
				};
			};
			buildConfigurationList = 55693BC0219A812E005C6981 /* Build configuration list for PBXProject "You Are Awesome" */;
			compatibilityVersion = "Xcode 9.3";
			developmentRegion = en;
			hasScannedForEncodings = 0;
			knownRegions = (
				en,
				Base,
			);
			mainGroup = 55693BBC219A812E005C6981;
			productRefGroup = 55693BC6219A812E005C6981 /* Products */;
			projectDirPath = "";
			projectRoot = "";
			targets = (
				55693BC4219A812E005C6981 /* You Are Awesome */,
				55693BD8219A8130005C6981 /* You Are AwesomeTests */,
				55693BE3219A8130005C6981 /* You Are AwesomeUITests */,
			);
		};
/* End PBXProject section */

/* Begin PBXResourcesBuildPhase section */
		55693BC3219A812E005C6981 /* Resources */ = {
			isa = PBXResourcesBuildPhase;
			buildActionMask = 2147483647;
			files = (
				55693BD3219A8130005C6981 /* LaunchScreen.storyboard in Resources */,
				55693BD0219A8130005C6981 /* Assets.xcassets in Resources */,
				55693BCE219A812E005C6981 /* Main.storyboard in Resources */,
			);
			runOnlyForDeploymentPostprocessing = 0;
		};
		55693BD7219A8130005C6981 /* Resources */ = {
			isa = PBXResourcesBuildPhase;
			buildActionMask = 2147483647;
			files = (
			);
			runOnlyForDeploymentPostprocessing = 0;
		};
		55693BE2219A8130005C6981 /* Resources */ = {
			isa = PBXResourcesBuildPhase;
			buildActionMask = 2147483647;
			files = (
			);
			runOnlyForDeploymentPostprocessing = 0;
		};
/* End PBXResourcesBuildPhase section */

/* Begin PBXSourcesBuildPhase section */
		55693BC1219A812E005C6981 /* Sources */ = {
			isa = PBXSourcesBuildPhase;
			buildActionMask = 2147483647;
			files = (
				55693BCB219A812E005C6981 /* ViewController.swift in Sources */,
				55693BC9219A812E005C6981 /* AppDelegate.swift in Sources */,
			);
			runOnlyForDeploymentPostprocessing = 0;
		};
		55693BD5219A8130005C6981 /* Sources */ = {
			isa = PBXSourcesBuildPhase;
			buildActionMask = 2147483647;
			files = (
				55693BDE219A8130005C6981 /* You_Are_AwesomeTests.swift in Sources */,
			);
			runOnlyForDeploymentPostprocessing = 0;
		};
		55693BE0219A8130005C6981 /* Sources */ = {
			isa = PBXSourcesBuildPhase;
			buildActionMask = 2147483647;
			files = (
				55693BE9219A8130005C6981 /* You_Are_AwesomeUITests.swift in Sources */,
			);
			runOnlyForDeploymentPostprocessing = 0;
		};
/* End PBXSourcesBuildPhase section */

/* Begin PBXTargetDependency section */
		55693BDB219A8130005C6981 /* PBXTargetDependency */ = {
			isa = PBXTargetDependency;
			target = 55693BC4219A812E005C6981 /* You Are Awesome */;
			targetProxy = 55693BDA219A8130005C6981 /* PBXContainerItemProxy */;
		};
		55693BE6219A8130005C6981 /* PBXTargetDependency */ = {
			isa = PBXTargetDependency;
			target = 55693BC4219A812E005C6981 /* You Are Awesome */;
			targetProxy = 55693BE5219A8130005C6981 /* PBXContainerItemProxy */;
		};
/* End PBXTargetDependency section */

/* Begin PBXVariantGroup section */
		55693BCC219A812E005C6981 /* Main.storyboard */ = {
			isa = PBXVariantGroup;
			children = (
				55693BCD219A812E005C6981 /* Base */,
			);
			name = Main.storyboard;
			sourceTree = "<group>";
		};
		55693BD1219A8130005C6981 /* LaunchScreen.storyboard */ = {
			isa = PBXVariantGroup;
			children = (
				55693BD2219A8130005C6981 /* Base */,
			);
			name = LaunchScreen.storyboard;
			sourceTree = "<group>";
		};
/* End PBXVariantGroup section */

/* Begin XCBuildConfiguration section */
		55693BEB219A8130005C6981 /* Debug */ = {
			isa = XCBuildConfiguration;
			buildSettings = {
				ALWAYS_SEARCH_USER_PATHS = NO;
				CLANG_ANALYZER_NONNULL = YES;
				CLANG_ANALYZER_NUMBER_OBJECT_CONVERSION = YES_AGGRESSIVE;
				CLANG_CXX_LANGUAGE_STANDARD = "gnu++14";
				CLANG_CXX_LIBRARY = "libc++";
				CLANG_ENABLE_MODULES = YES;
				CLANG_ENABLE_OBJC_ARC = YES;
				CLANG_ENABLE_OBJC_WEAK = YES;
				CLANG_WARN_BLOCK_CAPTURE_AUTORELEASING = YES;
				CLANG_WARN_BOOL_CONVERSION = YES;
				CLANG_WARN_COMMA = YES;
				CLANG_WARN_CONSTANT_CONVERSION = YES;
				CLANG_WARN_DEPRECATED_OBJC_IMPLEMENTATIONS = YES;
				CLANG_WARN_DIRECT_OBJC_ISA_USAGE = YES_ERROR;
				CLANG_WARN_DOCUMENTATION_COMMENTS = YES;
				CLANG_WARN_EMPTY_BODY = YES;
				CLANG_WARN_ENUM_CONVERSION = YES;
				CLANG_WARN_INFINITE_RECURSION = YES;
				CLANG_WARN_INT_CONVERSION = YES;
				CLANG_WARN_NON_LITERAL_NULL_CONVERSION = YES;
				CLANG_WARN_OBJC_IMPLICIT_RETAIN_SELF = YES;
				CLANG_WARN_OBJC_LITERAL_CONVERSION = YES;
				CLANG_WARN_OBJC_ROOT_CLASS = YES_ERROR;
				CLANG_WARN_RANGE_LOOP_ANALYSIS = YES;
				CLANG_WARN_STRICT_PROTOTYPES = YES;
				CLANG_WARN_SUSPICIOUS_MOVE = YES;
				CLANG_WARN_UNGUARDED_AVAILABILITY = YES_AGGRESSIVE;
				CLANG_WARN_UNREACHABLE_CODE = YES;
				CLANG_WARN__DUPLICATE_METHOD_MATCH = YES;
				CODE_SIGN_IDENTITY = "iPhone Developer";
				COPY_PHASE_STRIP = NO;
				DEBUG_INFORMATION_FORMAT = dwarf;
				ENABLE_STRICT_OBJC_MSGSEND = YES;
				ENABLE_TESTABILITY = YES;
				GCC_C_LANGUAGE_STANDARD = gnu11;
				GCC_DYNAMIC_NO_PIC = NO;
				GCC_NO_COMMON_BLOCKS = YES;
				GCC_OPTIMIZATION_LEVEL = 0;
				GCC_PREPROCESSOR_DEFINITIONS = (
					"DEBUG=1",
					"$(inherited)",
				);
				GCC_WARN_64_TO_32_BIT_CONVERSION = YES;
				GCC_WARN_ABOUT_RETURN_TYPE = YES_ERROR;
				GCC_WARN_UNDECLARED_SELECTOR = YES;
				GCC_WARN_UNINITIALIZED_AUTOS = YES_AGGRESSIVE;
				GCC_WARN_UNUSED_FUNCTION = YES;
				GCC_WARN_UNUSED_VARIABLE = YES;
				IPHONEOS_DEPLOYMENT_TARGET = 12.1;
				MTL_ENABLE_DEBUG_INFO = INCLUDE_SOURCE;
				MTL_FAST_MATH = YES;
				ONLY_ACTIVE_ARCH = YES;
				SDKROOT = iphoneos;
				SWIFT_ACTIVE_COMPILATION_CONDITIONS = DEBUG;
				SWIFT_OPTIMIZATION_LEVEL = "-Onone";
			};
			name = Debug;
		};
		55693BEC219A8130005C6981 /* Release */ = {
			isa = XCBuildConfiguration;
			buildSettings = {
				ALWAYS_SEARCH_USER_PATHS = NO;
				CLANG_ANALYZER_NONNULL = YES;
				CLANG_ANALYZER_NUMBER_OBJECT_CONVERSION = YES_AGGRESSIVE;
				CLANG_CXX_LANGUAGE_STANDARD = "gnu++14";
				CLANG_CXX_LIBRARY = "libc++";
				CLANG_ENABLE_MODULES = YES;
				CLANG_ENABLE_OBJC_ARC = YES;
				CLANG_ENABLE_OBJC_WEAK = YES;
				CLANG_WARN_BLOCK_CAPTURE_AUTORELEASING = YES;
				CLANG_WARN_BOOL_CONVERSION = YES;
				CLANG_WARN_COMMA = YES;
				CLANG_WARN_CONSTANT_CONVERSION = YES;
				CLANG_WARN_DEPRECATED_OBJC_IMPLEMENTATIONS = YES;
				CLANG_WARN_DIRECT_OBJC_ISA_USAGE = YES_ERROR;
				CLANG_WARN_DOCUMENTATION_COMMENTS = YES;
				CLANG_WARN_EMPTY_BODY = YES;
				CLANG_WARN_ENUM_CONVERSION = YES;
				CLANG_WARN_INFINITE_RECURSION = YES;
				CLANG_WARN_INT_CONVERSION = YES;
				CLANG_WARN_NON_LITERAL_NULL_CONVERSION = YES;
				CLANG_WARN_OBJC_IMPLICIT_RETAIN_SELF = YES;
				CLANG_WARN_OBJC_LITERAL_CONVERSION = YES;
				CLANG_WARN_OBJC_ROOT_CLASS = YES_ERROR;
				CLANG_WARN_RANGE_LOOP_ANALYSIS = YES;
				CLANG_WARN_STRICT_PROTOTYPES = YES;
				CLANG_WARN_SUSPICIOUS_MOVE = YES;
				CLANG_WARN_UNGUARDED_AVAILABILITY = YES_AGGRESSIVE;
				CLANG_WARN_UNREACHABLE_CODE = YES;
				CLANG_WARN__DUPLICATE_METHOD_MATCH = YES;
				CODE_SIGN_IDENTITY = "iPhone Developer";
				COPY_PHASE_STRIP = NO;
				DEBUG_INFORMATION_FORMAT = "dwarf-with-dsym";
				ENABLE_NS_ASSERTIONS = NO;
				ENABLE_STRICT_OBJC_MSGSEND = YES;
				GCC_C_LANGUAGE_STANDARD = gnu11;
				GCC_NO_COMMON_BLOCKS = YES;
				GCC_WARN_64_TO_32_BIT_CONVERSION = YES;
				GCC_WARN_ABOUT_RETURN_TYPE = YES_ERROR;
				GCC_WARN_UNDECLARED_SELECTOR = YES;
				GCC_WARN_UNINITIALIZED_AUTOS = YES_AGGRESSIVE;
				GCC_WARN_UNUSED_FUNCTION = YES;
				GCC_WARN_UNUSED_VARIABLE = YES;
				IPHONEOS_DEPLOYMENT_TARGET = 12.1;
				MTL_ENABLE_DEBUG_INFO = NO;
				MTL_FAST_MATH = YES;
				SDKROOT = iphoneos;
				SWIFT_COMPILATION_MODE = wholemodule;
				SWIFT_OPTIMIZATION_LEVEL = "-O";
				VALIDATE_PRODUCT = YES;
			};
			name = Release;
		};
		55693BEE219A8130005C6981 /* Debug */ = {
			isa = XCBuildConfiguration;
			buildSettings = {
				ASSETCATALOG_COMPILER_APPICON_NAME = AppIcon;
				CODE_SIGN_STYLE = Automatic;
				INFOPLIST_FILE = "You Are Awesome/Info.plist";
				LD_RUNPATH_SEARCH_PATHS = (
					"$(inherited)",
					"@executable_path/Frameworks",
				);
				PRODUCT_BUNDLE_IDENTIFIER = "user.You-Are-Awesome";
				PRODUCT_NAME = "$(TARGET_NAME)";
				SWIFT_VERSION = 4.2;
				TARGETED_DEVICE_FAMILY = "1,2";
			};
			name = Debug;
		};
		55693BEF219A8130005C6981 /* Release */ = {
			isa = XCBuildConfiguration;
			buildSettings = {
				ASSETCATALOG_COMPILER_APPICON_NAME = AppIcon;
				CODE_SIGN_STYLE = Automatic;
				INFOPLIST_FILE = "You Are Awesome/Info.plist";
				LD_RUNPATH_SEARCH_PATHS = (
					"$(inherited)",
					"@executable_path/Frameworks",
				);
				PRODUCT_BUNDLE_IDENTIFIER = "user.You-Are-Awesome";
				PRODUCT_NAME = "$(TARGET_NAME)";
				SWIFT_VERSION = 4.2;
				TARGETED_DEVICE_FAMILY = "1,2";
			};
			name = Release;
		};
		55693BF1219A8130005C6981 /* Debug */ = {
			isa = XCBuildConfiguration;
			buildSettings = {
				ALWAYS_EMBED_SWIFT_STANDARD_LIBRARIES = YES;
				BUNDLE_LOADER = "$(TEST_HOST)";
				CODE_SIGN_STYLE = Automatic;
				INFOPLIST_FILE = "You Are AwesomeTests/Info.plist";
				LD_RUNPATH_SEARCH_PATHS = (
					"$(inherited)",
					"@executable_path/Frameworks",
					"@loader_path/Frameworks",
				);
				PRODUCT_BUNDLE_IDENTIFIER = "user.You-Are-AwesomeTests";
				PRODUCT_NAME = "$(TARGET_NAME)";
				SWIFT_VERSION = 4.2;
				TARGETED_DEVICE_FAMILY = "1,2";
				TEST_HOST = "$(BUILT_PRODUCTS_DIR)/You Are Awesome.app/You Are Awesome";
			};
			name = Debug;
		};
		55693BF2219A8130005C6981 /* Release */ = {
			isa = XCBuildConfiguration;
			buildSettings = {
				ALWAYS_EMBED_SWIFT_STANDARD_LIBRARIES = YES;
				BUNDLE_LOADER = "$(TEST_HOST)";
				CODE_SIGN_STYLE = Automatic;
				INFOPLIST_FILE = "You Are AwesomeTests/Info.plist";
				LD_RUNPATH_SEARCH_PATHS = (
					"$(inherited)",
					"@executable_path/Frameworks",
					"@loader_path/Frameworks",
				);
				PRODUCT_BUNDLE_IDENTIFIER = "user.You-Are-AwesomeTests";
				PRODUCT_NAME = "$(TARGET_NAME)";
				SWIFT_VERSION = 4.2;
				TARGETED_DEVICE_FAMILY = "1,2";
				TEST_HOST = "$(BUILT_PRODUCTS_DIR)/You Are Awesome.app/You Are Awesome";
			};
			name = Release;
		};
		55693BF4219A8130005C6981 /* Debug */ = {
			isa = XCBuildConfiguration;
			buildSettings = {
				ALWAYS_EMBED_SWIFT_STANDARD_LIBRARIES = YES;
				CODE_SIGN_STYLE = Automatic;
				INFOPLIST_FILE = "You Are AwesomeUITests/Info.plist";
				LD_RUNPATH_SEARCH_PATHS = (
					"$(inherited)",
					"@executable_path/Frameworks",
					"@loader_path/Frameworks",
				);
				PRODUCT_BUNDLE_IDENTIFIER = "user.You-Are-AwesomeUITests";
				PRODUCT_NAME = "$(TARGET_NAME)";
				SWIFT_VERSION = 4.2;
				TARGETED_DEVICE_FAMILY = "1,2";
				TEST_TARGET_NAME = "You Are Awesome";
			};
			name = Debug;
		};
		55693BF5219A8130005C6981 /* Release */ = {
			isa = XCBuildConfiguration;
			buildSettings = {
				ALWAYS_EMBED_SWIFT_STANDARD_LIBRARIES = YES;
				CODE_SIGN_STYLE = Automatic;
				INFOPLIST_FILE = "You Are AwesomeUITests/Info.plist";
				LD_RUNPATH_SEARCH_PATHS = (
					"$(inherited)",
					"@executable_path/Frameworks",
					"@loader_path/Frameworks",
				);
				PRODUCT_BUNDLE_IDENTIFIER = "user.You-Are-AwesomeUITests";
				PRODUCT_NAME = "$(TARGET_NAME)";
				SWIFT_VERSION = 4.2;
				TARGETED_DEVICE_FAMILY = "1,2";
				TEST_TARGET_NAME = "You Are Awesome";
			};
			name = Release;
		};
/* End XCBuildConfiguration section */

/* Begin XCConfigurationList section */
		55693BC0219A812E005C6981 /* Build configuration list for PBXProject "You Are Awesome" */ = {
			isa = XCConfigurationList;
			buildConfigurations = (
				55693BEB219A8130005C6981 /* Debug */,
				55693BEC219A8130005C6981 /* Release */,
			);
			defaultConfigurationIsVisible = 0;
			defaultConfigurationName = Release;
		};
		55693BED219A8130005C6981 /* Build configuration list for PBXNativeTarget "You Are Awesome" */ = {
			isa = XCConfigurationList;
			buildConfigurations = (
				55693BEE219A8130005C6981 /* Debug */,
				55693BEF219A8130005C6981 /* Release */,
			);
			defaultConfigurationIsVisible = 0;
			defaultConfigurationName = Release;
		};
		55693BF0219A8130005C6981 /* Build configuration list for PBXNativeTarget "You Are AwesomeTests" */ = {
			isa = XCConfigurationList;
			buildConfigurations = (
				55693BF1219A8130005C6981 /* Debug */,
				55693BF2219A8130005C6981 /* Release */,
			);
			defaultConfigurationIsVisible = 0;
			defaultConfigurationName = Release;
		};
		55693BF3219A8130005C6981 /* Build configuration list for PBXNativeTarget "You Are AwesomeUITests" */ = {
			isa = XCConfigurationList;
			buildConfigurations = (
				55693BF4219A8130005C6981 /* Debug */,
				55693BF5219A8130005C6981 /* Release */,
			);
			defaultConfigurationIsVisible = 0;
			defaultConfigurationName = Release;
		};
/* End XCConfigurationList section */
	};
	rootObject = 55693BBD219A812E005C6981 /* Project object */;
}
